
Microsoft Visual Studio Solution File, Format Version 12.00
# Visual Studio Version 16
VisualStudioVersion = 16.0.29001.49
MinimumVisualStudioVersion = 10.0.40219.1
Project("{FAE04EC0-301F-11D3-BF4B-00C04F79EFBC}") = "Counter2", "Counter2\Counter2.csproj", "{BB2C0DAC-3CB5-4964-9628-BA1C0E14A4BF}"
EndProject
Project("{FAE04EC0-301F-11D3-BF4B-00C04F79EFBC}") = "MyLittleCounter", "MyLittleCounter\MyLittleCounter.csproj", "{7BE791FF-8D63-46C8-834C-E7CCD77A6131}"
EndProject
Project("{FAE04EC0-301F-11D3-BF4B-00C04F79EFBC}") = "MyConverter", "TextToIntConverter\MyConverter.csproj", "{9A193D9C-C7F0-4F72-A50B-33B1C522246B}"
EndProject
Global
	GlobalSection(SolutionConfigurationPlatforms) = preSolution
		Debug|Any CPU = Debug|Any CPU
		Release|Any CPU = Release|Any CPU
	EndGlobalSection
	GlobalSection(ProjectConfigurationPlatforms) = postSolution
		{BB2C0DAC-3CB5-4964-9628-BA1C0E14A4BF}.Debug|Any CPU.ActiveCfg = Debug|Any CPU
		{BB2C0DAC-3CB5-4964-9628-BA1C0E14A4BF}.Debug|Any CPU.Build.0 = Debug|Any CPU
		{BB2C0DAC-3CB5-4964-9628-BA1C0E14A4BF}.Release|Any CPU.ActiveCfg = Release|Any CPU
		{BB2C0DAC-3CB5-4964-9628-BA1C0E14A4BF}.Release|Any CPU.Build.0 = Release|Any CPU
		{7BE791FF-8D63-46C8-834C-E7CCD77A6131}.Debug|Any CPU.ActiveCfg = Debug|Any CPU
		{7BE791FF-8D63-46C8-834C-E7CCD77A6131}.Debug|Any CPU.Build.0 = Debug|Any CPU
		{7BE791FF-8D63-46C8-834C-E7CCD77A6131}.Release|Any CPU.ActiveCfg = Release|Any CPU
		{7BE791FF-8D63-46C8-834C-E7CCD77A6131}.Release|Any CPU.Build.0 = Release|Any CPU
		{9A193D9C-C7F0-4F72-A50B-33B1C522246B}.Debug|Any CPU.ActiveCfg = Debug|Any CPU
		{9A193D9C-C7F0-4F72-A50B-33B1C522246B}.Debug|Any CPU.Build.0 = Debug|Any CPU
		{9A193D9C-C7F0-4F72-A50B-33B1C522246B}.Release|Any CPU.ActiveCfg = Release|Any CPU
		{9A193D9C-C7F0-4F72-A50B-33B1C522246B}.Release|Any CPU.Build.0 = Release|Any CPU
	EndGlobalSection
	GlobalSection(SolutionProperties) = preSolution
		HideSolutionNode = FALSE
	EndGlobalSection
	GlobalSection(ExtensibilityGlobals) = postSolution
		SolutionGuid = {575C4B4E-F72C-462F-A3F3-F1395BD16B4A}
	EndGlobalSection
EndGlobal
